
Microsoft Visual Studio Solution File, Format Version 12.00
# Visual Studio 15
VisualStudioVersion = 15.0.28010.2036
MinimumVisualStudioVersion = 10.0.40219.1
Project("{FAE04EC0-301F-11D3-BF4B-00C04F79EFBC}") = "DevBuild.Assessment3_Question2", "DevBuild.Assessment3_Question2\DevBuild.Assessment3_Question2.csproj", "{069BBB85-652A-487C-89A3-23054BD632DD}"
EndProject
Global
	GlobalSection(SolutionConfigurationPlatforms) = preSolution
		Debug|Any CPU = Debug|Any CPU
		Release|Any CPU = Release|Any CPU
	EndGlobalSection
	GlobalSection(ProjectConfigurationPlatforms) = postSolution
		{069BBB85-652A-487C-89A3-23054BD632DD}.Debug|Any CPU.ActiveCfg = Debug|Any CPU
		{069BBB85-652A-487C-89A3-23054BD632DD}.Debug|Any CPU.Build.0 = Debug|Any CPU
		{069BBB85-652A-487C-89A3-23054BD632DD}.Release|Any CPU.ActiveCfg = Release|Any CPU
		{069BBB85-652A-487C-89A3-23054BD632DD}.Release|Any CPU.Build.0 = Release|Any CPU
	EndGlobalSection
	GlobalSection(SolutionProperties) = preSolution
		HideSolutionNode = FALSE
	EndGlobalSection
	GlobalSection(ExtensibilityGlobals) = postSolution
		SolutionGuid = {56A20383-3B00-49C9-A812-277AAE48AE74}
	EndGlobalSection
EndGlobal
